
Microsoft Visual Studio Solution File, Format Version 12.00
# Visual Studio Version 16
VisualStudioVersion = 16.0.30907.101
MinimumVisualStudioVersion = 10.0.40219.1
Project("{FAE04EC0-301F-11D3-BF4B-00C04F79EFBC}") = "paint", "paint\paint.csproj", "{2EC58368-A7E6-4299-8DC4-F27F78B2B244}"
EndProject
Global
	GlobalSection(SolutionConfigurationPlatforms) = preSolution
		Debug|Any CPU = Debug|Any CPU
		Release|Any CPU = Release|Any CPU
	EndGlobalSection
	GlobalSection(ProjectConfigurationPlatforms) = postSolution
		{2EC58368-A7E6-4299-8DC4-F27F78B2B244}.Debug|Any CPU.ActiveCfg = Debug|Any CPU
		{2EC58368-A7E6-4299-8DC4-F27F78B2B244}.Debug|Any CPU.Build.0 = Debug|Any CPU
		{2EC58368-A7E6-4299-8DC4-F27F78B2B244}.Release|Any CPU.ActiveCfg = Release|Any CPU
		{2EC58368-A7E6-4299-8DC4-F27F78B2B244}.Release|Any CPU.Build.0 = Release|Any CPU
	EndGlobalSection
	GlobalSection(SolutionProperties) = preSolution
		HideSolutionNode = FALSE
	EndGlobalSection
	GlobalSection(ExtensibilityGlobals) = postSolution
		SolutionGuid = {D2216DE7-70EE-4556-8A7F-906D30EC3DB7}
	EndGlobalSection
EndGlobal
